{
  "name": "juno-nodejs",
  "version": "1.0.15",
  "lockfileVersion": 2,
  "requires": true,
  "packages": {
    "": {
      "name": "juno-nodejs",
      "version": "1.0.15",
      "license": "ISC",
      "dependencies": {
        "axios": "^0.26.1",
        "base-64": "^1.0.0",
        "isomorphic-webcrypto": "^2.3.8",
        "lodash": "4.17.21",
        "qs": "^6.10.3"
      },
      "devDependencies": {
        "@types/base-64": "^0.1.3",
        "@types/node": "^14.0.12",
        "@types/qs": "^6.9.3",
        "typescript": "^4.6.2"
      }
    },
    "node_modules/@peculiar/asn1-schema": {
      "version": "2.0.5",
      "resolved": "https://registry.npmjs.org/@peculiar/asn1-schema/-/asn1-schema-2.0.5.tgz",
      "integrity": "sha512-VIKJjsgMkv+yyWx3C+D4xo6/NeCg0XFBgNlavtkxELijV+aKAq53du5KkOJbeZtm1nn9CinQKny2PqL8zCfpeA==",
      "dependencies": {
        "@types/asn1js": "^0.0.1",
        "asn1js": "^2.0.26",
        "pvtsutils": "^1.0.10",
        "tslib": "^1.11.1"
      }
    },
    "node_modules/@peculiar/json-schema": {
      "version": "1.1.10",
      "resolved": "https://registry.npmjs.org/@peculiar/json-schema/-/json-schema-1.1.10.tgz",
      "integrity": "sha512-kbpnG9CkF1y6wwGkW7YtSA+yYK4X5uk4rAwsd1hxiaYE3Hkw2EsGlbGh/COkMLyFf+Fe830BoFiMSB3QnC/ItA==",
      "dependencies": {
        "tslib": "^1.11.1"
      },
      "engines": {
        "node": ">=8.0.0"
      }
    },
    "node_modules/@peculiar/webcrypto": {
      "version": "1.1.1",
      "resolved": "https://registry.npmjs.org/@peculiar/webcrypto/-/webcrypto-1.1.1.tgz",
      "integrity": "sha512-Bu2XgOvzirnLcojZYs4KQ8hOLf2ETpa0NL6btQt5NgsAwctI6yVkzgYP+EcG7Mm579RBP+V0LM5rXyMlTVx23A==",
      "dependencies": {
        "@peculiar/asn1-schema": "^2.0.3",
        "@peculiar/json-schema": "^1.1.10",
        "pvtsutils": "^1.0.10",
        "tslib": "^1.11.2",
        "webcrypto-core": "^1.1.0"
      },
      "engines": {
        "node": ">=10.12.0"
      }
    },
    "node_modules/@types/asn1js": {
      "version": "0.0.1",
      "resolved": "https://registry.npmjs.org/@types/asn1js/-/asn1js-0.0.1.tgz",
      "integrity": "sha1-74uflwjLFjKhw6nNJ3F8qr55O8I=",
      "dependencies": {
        "@types/pvutils": "*"
      }
    },
    "node_modules/@types/base-64": {
      "version": "0.1.3",
      "resolved": "https://registry.npmjs.org/@types/base-64/-/base-64-0.1.3.tgz",
      "integrity": "sha512-DJpw7RKNMXygZ0j2xe6ROBqiJUy7JWEItkzOPBzrT35HUWS7VLYyW9XJX8yCCvE2xg8QD7wesvVyXFg8AVHTMA==",
      "dev": true
    },
    "node_modules/@types/node": {
      "version": "14.0.12",
      "resolved": "https://registry.npmjs.org/@types/node/-/node-14.0.12.tgz",
      "integrity": "sha512-/sjzehvjkkpvLpYtN6/2dv5kg41otMGuHQUt9T2aiAuIfleCQRQHXXzF1eAw/qkZTj5Kcf4JSTf7EIizHocy6Q==",
      "dev": true
    },
    "node_modules/@types/pvutils": {
      "version": "0.0.2",
      "resolved": "https://registry.npmjs.org/@types/pvutils/-/pvutils-0.0.2.tgz",
      "integrity": "sha512-CgQAm7pjyeF3Gnv78ty4RBVIfluB+Td+2DR8iPaU0prF18pkzptHHP+DoKPfpsJYknKsVZyVsJEu5AuGgAqQ5w=="
    },
    "node_modules/@types/qs": {
      "version": "6.9.3",
      "resolved": "https://registry.npmjs.org/@types/qs/-/qs-6.9.3.tgz",
      "integrity": "sha512-7s9EQWupR1fTc2pSMtXRQ9w9gLOcrJn+h7HOXw4evxyvVqMi4f+q7d2tnFe3ng3SNHjtK+0EzGMGFUQX4/AQRA==",
      "dev": true
    },
    "node_modules/@unimodules/core": {
      "version": "5.1.2",
      "resolved": "https://registry.npmjs.org/@unimodules/core/-/core-5.1.2.tgz",
      "integrity": "sha512-iCWEbzsNHqDfL6p8FyCGPnL2EW7vdgMJsNNSlWtM/gl8kePdqZMI7aOxTC4cdRS2xm0wzxuDBtpfJkzZsKINZg==",
      "optional": true,
      "dependencies": {
        "compare-versions": "^3.4.0"
      }
    },
    "node_modules/@unimodules/react-native-adapter": {
      "version": "5.2.0",
      "resolved": "https://registry.npmjs.org/@unimodules/react-native-adapter/-/react-native-adapter-5.2.0.tgz",
      "integrity": "sha512-S3HMEeQbV6xs7ORRcxXFGMk38DAnxqNcZG9T8JkX/KGY9ILUUqTS/e68+d849B6beEeglNMcOxyjwlqjykN+FA==",
      "optional": true,
      "dependencies": {
        "invariant": "^2.2.4",
        "lodash": "^4.5.0",
        "prop-types": "^15.6.1"
      },
      "peerDependencies": {
        "react-native": "*"
      }
    },
    "node_modules/asmcrypto.js": {
      "version": "0.22.0",
      "resolved": "https://registry.npmjs.org/asmcrypto.js/-/asmcrypto.js-0.22.0.tgz",
      "integrity": "sha512-usgMoyXjMbx/ZPdzTSXExhMPur2FTdz/Vo5PVx2gIaBcdAAJNOFlsdgqveM8Cff7W0v+xrf9BwjOV26JSAF9qA=="
    },
    "node_modules/asn1js": {
      "version": "2.0.26",
      "resolved": "https://registry.npmjs.org/asn1js/-/asn1js-2.0.26.tgz",
      "integrity": "sha512-yG89F0j9B4B0MKIcFyWWxnpZPLaNTjCj4tkE3fjbAoo0qmpGw0PYYqSbX/4ebnd9Icn8ZgK4K1fvDyEtW1JYtQ==",
      "dependencies": {
        "pvutils": "latest"
      },
      "engines": {
        "node": ">=6.0.0"
      }
    },
    "node_modules/axios": {
      "version": "0.26.1",
      "resolved": "https://registry.npmjs.org/axios/-/axios-0.26.1.tgz",
      "integrity": "sha512-fPwcX4EvnSHuInCMItEhAGnaSEXRBjtzh9fOtsE6E1G6p7vl7edEeZe11QHf18+6+9gR5PbKV/sGKNaD8YaMeA==",
      "dependencies": {
        "follow-redirects": "^1.14.8"
      }
    },
    "node_modules/b64-lite": {
      "version": "1.4.0",
      "resolved": "https://registry.npmjs.org/b64-lite/-/b64-lite-1.4.0.tgz",
      "integrity": "sha512-aHe97M7DXt+dkpa8fHlCcm1CnskAHrJqEfMI0KN7dwqlzml/aUe1AGt6lk51HzrSfVD67xOso84sOpr+0wIe2w==",
      "dependencies": {
        "base-64": "^0.1.0"
      }
    },
    "node_modules/b64-lite/node_modules/base-64": {
      "version": "0.1.0",
      "resolved": "https://registry.npmjs.org/base-64/-/base-64-0.1.0.tgz",
      "integrity": "sha1-eAqZyE59YAJgNhURxId2E78k9rs="
    },
    "node_modules/b64u-lite": {
      "version": "1.1.0",
      "resolved": "https://registry.npmjs.org/b64u-lite/-/b64u-lite-1.1.0.tgz",
      "integrity": "sha512-929qWGDVCRph7gQVTC6koHqQIpF4vtVaSbwLltFQo44B1bYUquALswZdBKFfrJCPEnsCOvWkJsPdQYZ/Ukhw8A==",
      "dependencies": {
        "b64-lite": "^1.4.0"
      }
    },
    "node_modules/base-64": {
      "version": "1.0.0",
      "resolved": "https://registry.npmjs.org/base-64/-/base-64-1.0.0.tgz",
      "integrity": "sha512-kwDPIFCGx0NZHog36dj+tHiwP4QMzsZ3AgMViUBKI0+V5n4U0ufTCUMhnQ04diaRI8EX/QcPfql7zlhZ7j4zgg=="
    },
    "node_modules/base64-js": {
      "version": "1.3.1",
      "resolved": "https://registry.npmjs.org/base64-js/-/base64-js-1.3.1.tgz",
      "integrity": "sha512-mLQ4i2QO1ytvGWFWmcngKO//JXAQueZvwEKtjgQFM4jIK0kU+ytMfplL8j+n5mspOfjHwoAg+9yhb7BwAHm36g==",
      "optional": true
    },
    "node_modules/call-bind": {
      "version": "1.0.2",
      "resolved": "https://registry.npmjs.org/call-bind/-/call-bind-1.0.2.tgz",
      "integrity": "sha512-7O+FbCihrB5WGbFYesctwmTKae6rOiIzmz1icreWJ+0aA7LJfuqhEso2T9ncpcFtzMQtzXf2QGGueWJGTYsqrA==",
      "dependencies": {
        "function-bind": "^1.1.1",
        "get-intrinsic": "^1.0.2"
      },
      "funding": {
        "url": "https://github.com/sponsors/ljharb"
      }
    },
    "node_modules/compare-versions": {
      "version": "3.6.0",
      "resolved": "https://registry.npmjs.org/compare-versions/-/compare-versions-3.6.0.tgz",
      "integrity": "sha512-W6Af2Iw1z4CB7q4uU4hv646dW9GQuBM+YpC0UvUCWSD8w90SJjp+ujJuXaEMtAXBtSqGfMPuFOVn4/+FlaqfBA==",
      "optional": true
    },
    "node_modules/expo-random": {
      "version": "8.1.0",
      "resolved": "https://registry.npmjs.org/expo-random/-/expo-random-8.1.0.tgz",
      "integrity": "sha512-9n2gg83Hpg3ErkKu+a3FFOGmaPIxaHn6RuzjW24xFckdfmnrAKtbs1aU1aAcmoL1kXPvDeufRSEV/3lW93u6ug==",
      "optional": true,
      "dependencies": {
        "base64-js": "^1.3.0"
      }
    },
    "node_modules/follow-redirects": {
      "version": "1.14.9",
      "resolved": "https://registry.npmjs.org/follow-redirects/-/follow-redirects-1.14.9.tgz",
      "integrity": "sha512-MQDfihBQYMcyy5dhRDJUHcw7lb2Pv/TuE6xP1vyraLukNDHKbDxDNaOE3NbCAdKQApno+GPRyo1YAp89yCjK4w==",
      "funding": [
        {
          "type": "individual",
          "url": "https://github.com/sponsors/RubenVerborgh"
        }
      ],
      "engines": {
        "node": ">=4.0"
      },
      "peerDependenciesMeta": {
        "debug": {
          "optional": true
        }
      }
    },
    "node_modules/function-bind": {
      "version": "1.1.1",
      "resolved": "https://registry.npmjs.org/function-bind/-/function-bind-1.1.1.tgz",
      "integrity": "sha512-yIovAzMX49sF8Yl58fSCWJ5svSLuaibPxXQJFLmBObTuCr0Mf1KiPopGM9NiFjiYBCbfaa2Fh6breQ6ANVTI0A=="
    },
    "node_modules/get-intrinsic": {
      "version": "1.1.1",
      "resolved": "https://registry.npmjs.org/get-intrinsic/-/get-intrinsic-1.1.1.tgz",
      "integrity": "sha512-kWZrnVM42QCiEA2Ig1bG8zjoIMOgxWwYCEeNdwY6Tv/cOSeGpcoX4pXHfKUxNKVoArnrEr2e9srnAxxGIraS9Q==",
      "dependencies": {
        "function-bind": "^1.1.1",
        "has": "^1.0.3",
        "has-symbols": "^1.0.1"
      },
      "funding": {
        "url": "https://github.com/sponsors/ljharb"
      }
    },
    "node_modules/has": {
      "version": "1.0.3",
      "resolved": "https://registry.npmjs.org/has/-/has-1.0.3.tgz",
      "integrity": "sha512-f2dvO0VU6Oej7RkWJGrehjbzMAjFp5/VKPp5tTpWIV4JHHZK1/BxbFRtf/siA2SWTe09caDmVtYYzWEIbBS4zw==",
      "dependencies": {
        "function-bind": "^1.1.1"
      },
      "engines": {
        "node": ">= 0.4.0"
      }
    },
    "node_modules/has-symbols": {
      "version": "1.0.3",
      "resolved": "https://registry.npmjs.org/has-symbols/-/has-symbols-1.0.3.tgz",
      "integrity": "sha512-l3LCuF6MgDNwTDKkdYGEihYjt5pRPbEg46rtlmnSPlUbgmB8LOIrKJbYYFBSbnPaJexMKtiPO8hmeRjRz2Td+A==",
      "engines": {
        "node": ">= 0.4"
      },
      "funding": {
        "url": "https://github.com/sponsors/ljharb"
      }
    },
    "node_modules/invariant": {
      "version": "2.2.4",
      "resolved": "https://registry.npmjs.org/invariant/-/invariant-2.2.4.tgz",
      "integrity": "sha512-phJfQVBuaJM5raOpJjSfkiD6BpbCE4Ns//LaXl6wGYtUBY83nWS6Rf9tXm2e8VaK60JEjYldbPif/A2B1C2gNA==",
      "optional": true,
      "dependencies": {
        "loose-envify": "^1.0.0"
      }
    },
    "node_modules/isomorphic-webcrypto": {
      "version": "2.3.8",
      "resolved": "https://registry.npmjs.org/isomorphic-webcrypto/-/isomorphic-webcrypto-2.3.8.tgz",
      "integrity": "sha512-XddQSI0WYlSCjxtm1AI8kWQOulf7hAN3k3DclF1sxDJZqOe0pcsOt675zvWW91cZH9hYs3nlA3Ev8QK5i80SxQ==",
      "dependencies": {
        "@peculiar/webcrypto": "^1.0.22",
        "asmcrypto.js": "^0.22.0",
        "b64-lite": "^1.3.1",
        "b64u-lite": "^1.0.1",
        "msrcrypto": "^1.5.6",
        "str2buf": "^1.3.0",
        "webcrypto-shim": "^0.1.4"
      },
      "optionalDependencies": {
        "@unimodules/core": "*",
        "@unimodules/react-native-adapter": "*",
        "expo-random": "*",
        "react-native-securerandom": "^0.1.1"
      }
    },
    "node_modules/js-tokens": {
      "version": "4.0.0",
      "resolved": "https://registry.npmjs.org/js-tokens/-/js-tokens-4.0.0.tgz",
      "integrity": "sha512-RdJUflcE3cUzKiMqQgsCu06FPu9UdIJO0beYbPhHN4k6apgJtifcoCtT9bcxOpYBtpD2kCM6Sbzg4CausW/PKQ==",
      "optional": true
    },
    "node_modules/lodash": {
      "version": "4.17.21",
      "resolved": "https://registry.npmjs.org/lodash/-/lodash-4.17.21.tgz",
      "integrity": "sha512-v2kDEe57lecTulaDIuNTPy3Ry4gLGJ6Z1O3vE1krgXZNrsQ+LFTGHVxVjcXPs17LhbZVGedAJv8XZ1tvj5FvSg=="
    },
    "node_modules/loose-envify": {
      "version": "1.4.0",
      "resolved": "https://registry.npmjs.org/loose-envify/-/loose-envify-1.4.0.tgz",
      "integrity": "sha512-lyuxPGr/Wfhrlem2CL/UcnUc1zcqKAImBDzukY7Y5F/yQiNdko6+fRLevlw1HgMySw7f611UIY408EtxRSoK3Q==",
      "optional": true,
      "dependencies": {
        "js-tokens": "^3.0.0 || ^4.0.0"
      },
      "bin": {
        "loose-envify": "cli.js"
      }
    },
    "node_modules/msrcrypto": {
      "version": "1.5.8",
      "resolved": "https://registry.npmjs.org/msrcrypto/-/msrcrypto-1.5.8.tgz",
      "integrity": "sha512-ujZ0TRuozHKKm6eGbKHfXef7f+esIhEckmThVnz7RNyiOJd7a6MXj2JGBoL9cnPDW+JMG16MoTUh5X+XXjI66Q=="
    },
    "node_modules/object-assign": {
      "version": "4.1.1",
      "resolved": "https://registry.npmjs.org/object-assign/-/object-assign-4.1.1.tgz",
      "integrity": "sha1-IQmtx5ZYh8/AXLvUQsrIv7s2CGM=",
      "optional": true,
      "engines": {
        "node": ">=0.10.0"
      }
    },
    "node_modules/object-inspect": {
      "version": "1.12.0",
      "resolved": "https://registry.npmjs.org/object-inspect/-/object-inspect-1.12.0.tgz",
      "integrity": "sha512-Ho2z80bVIvJloH+YzRmpZVQe87+qASmBUKZDWgx9cu+KDrX2ZDH/3tMy+gXbZETVGs2M8YdxObOh7XAtim9Y0g==",
      "funding": {
        "url": "https://github.com/sponsors/ljharb"
      }
    },
    "node_modules/prop-types": {
      "version": "15.7.2",
      "resolved": "https://registry.npmjs.org/prop-types/-/prop-types-15.7.2.tgz",
      "integrity": "sha512-8QQikdH7//R2vurIJSutZ1smHYTcLpRWEOlHnzcWHmBYrOGUysKwSsrC89BCiFj3CbrfJ/nXFdJepOVrY1GCHQ==",
      "optional": true,
      "dependencies": {
        "loose-envify": "^1.4.0",
        "object-assign": "^4.1.1",
        "react-is": "^16.8.1"
      }
    },
    "node_modules/pvtsutils": {
      "version": "1.0.10",
      "resolved": "https://registry.npmjs.org/pvtsutils/-/pvtsutils-1.0.10.tgz",
      "integrity": "sha512-8ZKQcxnZKTn+fpDh7wL4yKax5fdl3UJzT8Jv49djZpB/dzPxacyN1Sez90b6YLdOmvIr9vaySJ5gw4aUA1EdSw==",
      "dependencies": {
        "tslib": "^1.10.0"
      }
    },
    "node_modules/pvutils": {
      "version": "1.0.17",
      "resolved": "https://registry.npmjs.org/pvutils/-/pvutils-1.0.17.tgz",
      "integrity": "sha512-wLHYUQxWaXVQvKnwIDWFVKDJku9XDCvyhhxoq8dc5MFdIlRenyPI9eSfEtcvgHgD7FlvCyGAlWgOzRnZD99GZQ==",
      "engines": {
        "node": ">=6.0.0"
      }
    },
    "node_modules/qs": {
      "version": "6.10.3",
      "resolved": "https://registry.npmjs.org/qs/-/qs-6.10.3.tgz",
      "integrity": "sha512-wr7M2E0OFRfIfJZjKGieI8lBKb7fRCH4Fv5KNPEs7gJ8jadvotdsS08PzOKR7opXhZ/Xkjtt3WF9g38drmyRqQ==",
      "dependencies": {
        "side-channel": "^1.0.4"
      },
      "engines": {
        "node": ">=0.6"
      },
      "funding": {
        "url": "https://github.com/sponsors/ljharb"
      }
    },
    "node_modules/react-is": {
      "version": "16.13.1",
      "resolved": "https://registry.npmjs.org/react-is/-/react-is-16.13.1.tgz",
      "integrity": "sha512-24e6ynE2H+OKt4kqsOvNd8kBpV65zoxbA4BVsEOB3ARVWQki/DHzaUoC5KuON/BiccDaCCTZBuOcfZs70kR8bQ==",
      "optional": true
    },
    "node_modules/react-native-securerandom": {
      "version": "0.1.1",
      "resolved": "https://registry.npmjs.org/react-native-securerandom/-/react-native-securerandom-0.1.1.tgz",
      "integrity": "sha1-8TBiOkEsM4sK+t7bwgTFy7i/IHA=",
      "optional": true,
      "dependencies": {
        "base64-js": "*"
      },
      "peerDependencies": {
        "react-native": "*"
      }
    },
    "node_modules/side-channel": {
      "version": "1.0.4",
      "resolved": "https://registry.npmjs.org/side-channel/-/side-channel-1.0.4.tgz",
      "integrity": "sha512-q5XPytqFEIKHkGdiMIrY10mvLRvnQh42/+GoBlFW3b2LXLE2xxJpZFdm94we0BaoV3RwJyGqg5wS7epxTv0Zvw==",
      "dependencies": {
        "call-bind": "^1.0.0",
        "get-intrinsic": "^1.0.2",
        "object-inspect": "^1.9.0"
      },
      "funding": {
        "url": "https://github.com/sponsors/ljharb"
      }
    },
    "node_modules/str2buf": {
      "version": "1.3.0",
      "resolved": "https://registry.npmjs.org/str2buf/-/str2buf-1.3.0.tgz",
      "integrity": "sha512-xIBmHIUHYZDP4HyoXGHYNVmxlXLXDrtFHYT0eV6IOdEj3VO9ccaF1Ejl9Oq8iFjITllpT8FhaXb4KsNmw+3EuA=="
    },
    "node_modules/tslib": {
      "version": "1.13.0",
      "resolved": "https://registry.npmjs.org/tslib/-/tslib-1.13.0.tgz",
      "integrity": "sha512-i/6DQjL8Xf3be4K/E6Wgpekn5Qasl1usyw++dAA35Ue5orEn65VIxOA+YvNNl9HV3qv70T7CNwjODHZrLwvd1Q=="
    },
    "node_modules/typescript": {
      "version": "4.6.2",
      "resolved": "https://registry.npmjs.org/typescript/-/typescript-4.6.2.tgz",
      "integrity": "sha512-HM/hFigTBHZhLXshn9sN37H085+hQGeJHJ/X7LpBWLID/fbc2acUMfU+lGD98X81sKP+pFa9f0DZmCwB9GnbAg==",
      "dev": true,
      "bin": {
        "tsc": "bin/tsc",
        "tsserver": "bin/tsserver"
      },
      "engines": {
        "node": ">=4.2.0"
      }
    },
    "node_modules/webcrypto-core": {
      "version": "1.1.1",
      "resolved": "https://registry.npmjs.org/webcrypto-core/-/webcrypto-core-1.1.1.tgz",
      "integrity": "sha512-xK61sFRUyZdSAJG7+bJox36+Tnhxw1PaMbmrLLp30HNTJ4mffqsY2jUMlmGq6OOoej3WO/SsH5serzlzBMZ+jg==",
      "dependencies": {
        "@peculiar/asn1-schema": "^2.0.1",
        "@peculiar/json-schema": "^1.1.10",
        "asn1js": "^2.0.26",
        "pvtsutils": "^1.0.10",
        "tslib": "^1.11.2"
      }
    },
    "node_modules/webcrypto-shim": {
      "version": "0.1.5",
      "resolved": "https://registry.npmjs.org/webcrypto-shim/-/webcrypto-shim-0.1.5.tgz",
      "integrity": "sha512-mE+E00gulvbLjHaAwl0kph60oOLQRsKyivEFgV9DMM/3Y05F1vZvGq12hAcNzHRnYxyEOABBT/XMtwGSg5xA7A=="
    }
  },
  "dependencies": {
    "@peculiar/asn1-schema": {
      "version": "2.0.5",
      "resolved": "https://registry.npmjs.org/@peculiar/asn1-schema/-/asn1-schema-2.0.5.tgz",
      "integrity": "sha512-VIKJjsgMkv+yyWx3C+D4xo6/NeCg0XFBgNlavtkxELijV+aKAq53du5KkOJbeZtm1nn9CinQKny2PqL8zCfpeA==",
      "requires": {
        "@types/asn1js": "^0.0.1",
        "asn1js": "^2.0.26",
        "pvtsutils": "^1.0.10",
        "tslib": "^1.11.1"
      }
    },
    "@peculiar/json-schema": {
      "version": "1.1.10",
      "resolved": "https://registry.npmjs.org/@peculiar/json-schema/-/json-schema-1.1.10.tgz",
      "integrity": "sha512-kbpnG9CkF1y6wwGkW7YtSA+yYK4X5uk4rAwsd1hxiaYE3Hkw2EsGlbGh/COkMLyFf+Fe830BoFiMSB3QnC/ItA==",
      "requires": {
        "tslib": "^1.11.1"
      }
    },
    "@peculiar/webcrypto": {
      "version": "1.1.1",
      "resolved": "https://registry.npmjs.org/@peculiar/webcrypto/-/webcrypto-1.1.1.tgz",
      "integrity": "sha512-Bu2XgOvzirnLcojZYs4KQ8hOLf2ETpa0NL6btQt5NgsAwctI6yVkzgYP+EcG7Mm579RBP+V0LM5rXyMlTVx23A==",
      "requires": {
        "@peculiar/asn1-schema": "^2.0.3",
        "@peculiar/json-schema": "^1.1.10",
        "pvtsutils": "^1.0.10",
        "tslib": "^1.11.2",
        "webcrypto-core": "^1.1.0"
      }
    },
    "@types/asn1js": {
      "version": "0.0.1",
      "resolved": "https://registry.npmjs.org/@types/asn1js/-/asn1js-0.0.1.tgz",
      "integrity": "sha1-74uflwjLFjKhw6nNJ3F8qr55O8I=",
      "requires": {
        "@types/pvutils": "*"
      }
    },
    "@types/base-64": {
      "version": "0.1.3",
      "resolved": "https://registry.npmjs.org/@types/base-64/-/base-64-0.1.3.tgz",
      "integrity": "sha512-DJpw7RKNMXygZ0j2xe6ROBqiJUy7JWEItkzOPBzrT35HUWS7VLYyW9XJX8yCCvE2xg8QD7wesvVyXFg8AVHTMA==",
      "dev": true
    },
    "@types/node": {
      "version": "14.0.12",
      "resolved": "https://registry.npmjs.org/@types/node/-/node-14.0.12.tgz",
      "integrity": "sha512-/sjzehvjkkpvLpYtN6/2dv5kg41otMGuHQUt9T2aiAuIfleCQRQHXXzF1eAw/qkZTj5Kcf4JSTf7EIizHocy6Q==",
      "dev": true
    },
    "@types/pvutils": {
      "version": "0.0.2",
      "resolved": "https://registry.npmjs.org/@types/pvutils/-/pvutils-0.0.2.tgz",
      "integrity": "sha512-CgQAm7pjyeF3Gnv78ty4RBVIfluB+Td+2DR8iPaU0prF18pkzptHHP+DoKPfpsJYknKsVZyVsJEu5AuGgAqQ5w=="
    },
    "@types/qs": {
      "version": "6.9.3",
      "resolved": "https://registry.npmjs.org/@types/qs/-/qs-6.9.3.tgz",
      "integrity": "sha512-7s9EQWupR1fTc2pSMtXRQ9w9gLOcrJn+h7HOXw4evxyvVqMi4f+q7d2tnFe3ng3SNHjtK+0EzGMGFUQX4/AQRA==",
      "dev": true
    },
    "@unimodules/core": {
      "version": "5.1.2",
      "resolved": "https://registry.npmjs.org/@unimodules/core/-/core-5.1.2.tgz",
      "integrity": "sha512-iCWEbzsNHqDfL6p8FyCGPnL2EW7vdgMJsNNSlWtM/gl8kePdqZMI7aOxTC4cdRS2xm0wzxuDBtpfJkzZsKINZg==",
      "optional": true,
      "requires": {
        "compare-versions": "^3.4.0"
      }
    },
    "@unimodules/react-native-adapter": {
      "version": "5.2.0",
      "resolved": "https://registry.npmjs.org/@unimodules/react-native-adapter/-/react-native-adapter-5.2.0.tgz",
      "integrity": "sha512-S3HMEeQbV6xs7ORRcxXFGMk38DAnxqNcZG9T8JkX/KGY9ILUUqTS/e68+d849B6beEeglNMcOxyjwlqjykN+FA==",
      "optional": true,
      "requires": {
        "invariant": "^2.2.4",
        "lodash": "^4.5.0",
        "prop-types": "^15.6.1"
      }
    },
    "asmcrypto.js": {
      "version": "0.22.0",
      "resolved": "https://registry.npmjs.org/asmcrypto.js/-/asmcrypto.js-0.22.0.tgz",
      "integrity": "sha512-usgMoyXjMbx/ZPdzTSXExhMPur2FTdz/Vo5PVx2gIaBcdAAJNOFlsdgqveM8Cff7W0v+xrf9BwjOV26JSAF9qA=="
    },
    "asn1js": {
      "version": "2.0.26",
      "resolved": "https://registry.npmjs.org/asn1js/-/asn1js-2.0.26.tgz",
      "integrity": "sha512-yG89F0j9B4B0MKIcFyWWxnpZPLaNTjCj4tkE3fjbAoo0qmpGw0PYYqSbX/4ebnd9Icn8ZgK4K1fvDyEtW1JYtQ==",
      "requires": {
        "pvutils": "latest"
      }
    },
    "axios": {
      "version": "0.26.1",
      "resolved": "https://registry.npmjs.org/axios/-/axios-0.26.1.tgz",
      "integrity": "sha512-fPwcX4EvnSHuInCMItEhAGnaSEXRBjtzh9fOtsE6E1G6p7vl7edEeZe11QHf18+6+9gR5PbKV/sGKNaD8YaMeA==",
      "requires": {
        "follow-redirects": "^1.14.8"
      }
    },
    "b64-lite": {
      "version": "1.4.0",
      "resolved": "https://registry.npmjs.org/b64-lite/-/b64-lite-1.4.0.tgz",
      "integrity": "sha512-aHe97M7DXt+dkpa8fHlCcm1CnskAHrJqEfMI0KN7dwqlzml/aUe1AGt6lk51HzrSfVD67xOso84sOpr+0wIe2w==",
      "requires": {
        "base-64": "^0.1.0"
      },
      "dependencies": {
        "base-64": {
          "version": "0.1.0",
          "resolved": "https://registry.npmjs.org/base-64/-/base-64-0.1.0.tgz",
          "integrity": "sha1-eAqZyE59YAJgNhURxId2E78k9rs="
        }
      }
    },
    "b64u-lite": {
      "version": "1.1.0",
      "resolved": "https://registry.npmjs.org/b64u-lite/-/b64u-lite-1.1.0.tgz",
      "integrity": "sha512-929qWGDVCRph7gQVTC6koHqQIpF4vtVaSbwLltFQo44B1bYUquALswZdBKFfrJCPEnsCOvWkJsPdQYZ/Ukhw8A==",
      "requires": {
        "b64-lite": "^1.4.0"
      }
    },
    "base-64": {
      "version": "1.0.0",
      "resolved": "https://registry.npmjs.org/base-64/-/base-64-1.0.0.tgz",
      "integrity": "sha512-kwDPIFCGx0NZHog36dj+tHiwP4QMzsZ3AgMViUBKI0+V5n4U0ufTCUMhnQ04diaRI8EX/QcPfql7zlhZ7j4zgg=="
    },
    "base64-js": {
      "version": "1.3.1",
      "resolved": "https://registry.npmjs.org/base64-js/-/base64-js-1.3.1.tgz",
      "integrity": "sha512-mLQ4i2QO1ytvGWFWmcngKO//JXAQueZvwEKtjgQFM4jIK0kU+ytMfplL8j+n5mspOfjHwoAg+9yhb7BwAHm36g==",
      "optional": true
    },
    "call-bind": {
      "version": "1.0.2",
      "resolved": "https://registry.npmjs.org/call-bind/-/call-bind-1.0.2.tgz",
      "integrity": "sha512-7O+FbCihrB5WGbFYesctwmTKae6rOiIzmz1icreWJ+0aA7LJfuqhEso2T9ncpcFtzMQtzXf2QGGueWJGTYsqrA==",
      "requires": {
        "function-bind": "^1.1.1",
        "get-intrinsic": "^1.0.2"
      }
    },
    "compare-versions": {
      "version": "3.6.0",
      "resolved": "https://registry.npmjs.org/compare-versions/-/compare-versions-3.6.0.tgz",
      "integrity": "sha512-W6Af2Iw1z4CB7q4uU4hv646dW9GQuBM+YpC0UvUCWSD8w90SJjp+ujJuXaEMtAXBtSqGfMPuFOVn4/+FlaqfBA==",
      "optional": true
    },
    "expo-random": {
      "version": "8.1.0",
      "resolved": "https://registry.npmjs.org/expo-random/-/expo-random-8.1.0.tgz",
      "integrity": "sha512-9n2gg83Hpg3ErkKu+a3FFOGmaPIxaHn6RuzjW24xFckdfmnrAKtbs1aU1aAcmoL1kXPvDeufRSEV/3lW93u6ug==",
      "optional": true,
      "requires": {
        "base64-js": "^1.3.0"
      }
    },
    "follow-redirects": {
      "version": "1.14.9",
      "resolved": "https://registry.npmjs.org/follow-redirects/-/follow-redirects-1.14.9.tgz",
      "integrity": "sha512-MQDfihBQYMcyy5dhRDJUHcw7lb2Pv/TuE6xP1vyraLukNDHKbDxDNaOE3NbCAdKQApno+GPRyo1YAp89yCjK4w=="
    },
    "function-bind": {
      "version": "1.1.1",
      "resolved": "https://registry.npmjs.org/function-bind/-/function-bind-1.1.1.tgz",
      "integrity": "sha512-yIovAzMX49sF8Yl58fSCWJ5svSLuaibPxXQJFLmBObTuCr0Mf1KiPopGM9NiFjiYBCbfaa2Fh6breQ6ANVTI0A=="
    },
    "get-intrinsic": {
      "version": "1.1.1",
      "resolved": "https://registry.npmjs.org/get-intrinsic/-/get-intrinsic-1.1.1.tgz",
      "integrity": "sha512-kWZrnVM42QCiEA2Ig1bG8zjoIMOgxWwYCEeNdwY6Tv/cOSeGpcoX4pXHfKUxNKVoArnrEr2e9srnAxxGIraS9Q==",
      "requires": {
        "function-bind": "^1.1.1",
        "has": "^1.0.3",
        "has-symbols": "^1.0.1"
      }
    },
    "has": {
      "version": "1.0.3",
      "resolved": "https://registry.npmjs.org/has/-/has-1.0.3.tgz",
      "integrity": "sha512-f2dvO0VU6Oej7RkWJGrehjbzMAjFp5/VKPp5tTpWIV4JHHZK1/BxbFRtf/siA2SWTe09caDmVtYYzWEIbBS4zw==",
      "requires": {
        "function-bind": "^1.1.1"
      }
    },
    "has-symbols": {
      "version": "1.0.3",
      "resolved": "https://registry.npmjs.org/has-symbols/-/has-symbols-1.0.3.tgz",
      "integrity": "sha512-l3LCuF6MgDNwTDKkdYGEihYjt5pRPbEg46rtlmnSPlUbgmB8LOIrKJbYYFBSbnPaJexMKtiPO8hmeRjRz2Td+A=="
    },
    "invariant": {
      "version": "2.2.4",
      "resolved": "https://registry.npmjs.org/invariant/-/invariant-2.2.4.tgz",
      "integrity": "sha512-phJfQVBuaJM5raOpJjSfkiD6BpbCE4Ns//LaXl6wGYtUBY83nWS6Rf9tXm2e8VaK60JEjYldbPif/A2B1C2gNA==",
      "optional": true,
      "requires": {
        "loose-envify": "^1.0.0"
      }
    },
    "isomorphic-webcrypto": {
      "version": "2.3.8",
      "resolved": "https://registry.npmjs.org/isomorphic-webcrypto/-/isomorphic-webcrypto-2.3.8.tgz",
      "integrity": "sha512-XddQSI0WYlSCjxtm1AI8kWQOulf7hAN3k3DclF1sxDJZqOe0pcsOt675zvWW91cZH9hYs3nlA3Ev8QK5i80SxQ==",
      "requires": {
        "@peculiar/webcrypto": "^1.0.22",
        "@unimodules/core": "*",
        "@unimodules/react-native-adapter": "*",
        "asmcrypto.js": "^0.22.0",
        "b64-lite": "^1.3.1",
        "b64u-lite": "^1.0.1",
        "expo-random": "*",
        "msrcrypto": "^1.5.6",
        "react-native-securerandom": "^0.1.1",
        "str2buf": "^1.3.0",
        "webcrypto-shim": "^0.1.4"
      }
    },
    "js-tokens": {
      "version": "4.0.0",
      "resolved": "https://registry.npmjs.org/js-tokens/-/js-tokens-4.0.0.tgz",
      "integrity": "sha512-RdJUflcE3cUzKiMqQgsCu06FPu9UdIJO0beYbPhHN4k6apgJtifcoCtT9bcxOpYBtpD2kCM6Sbzg4CausW/PKQ==",
      "optional": true
    },
    "lodash": {
      "version": "4.17.21",
      "resolved": "https://registry.npmjs.org/lodash/-/lodash-4.17.21.tgz",
      "integrity": "sha512-v2kDEe57lecTulaDIuNTPy3Ry4gLGJ6Z1O3vE1krgXZNrsQ+LFTGHVxVjcXPs17LhbZVGedAJv8XZ1tvj5FvSg=="
    },
    "loose-envify": {
      "version": "1.4.0",
      "resolved": "https://registry.npmjs.org/loose-envify/-/loose-envify-1.4.0.tgz",
      "integrity": "sha512-lyuxPGr/Wfhrlem2CL/UcnUc1zcqKAImBDzukY7Y5F/yQiNdko6+fRLevlw1HgMySw7f611UIY408EtxRSoK3Q==",
      "optional": true,
      "requires": {
        "js-tokens": "^3.0.0 || ^4.0.0"
      }
    },
    "msrcrypto": {
      "version": "1.5.8",
      "resolved": "https://registry.npmjs.org/msrcrypto/-/msrcrypto-1.5.8.tgz",
      "integrity": "sha512-ujZ0TRuozHKKm6eGbKHfXef7f+esIhEckmThVnz7RNyiOJd7a6MXj2JGBoL9cnPDW+JMG16MoTUh5X+XXjI66Q=="
    },
    "object-assign": {
      "version": "4.1.1",
      "resolved": "https://registry.npmjs.org/object-assign/-/object-assign-4.1.1.tgz",
      "integrity": "sha1-IQmtx5ZYh8/AXLvUQsrIv7s2CGM=",
      "optional": true
    },
    "object-inspect": {
      "version": "1.12.0",
      "resolved": "https://registry.npmjs.org/object-inspect/-/object-inspect-1.12.0.tgz",
      "integrity": "sha512-Ho2z80bVIvJloH+YzRmpZVQe87+qASmBUKZDWgx9cu+KDrX2ZDH/3tMy+gXbZETVGs2M8YdxObOh7XAtim9Y0g=="
    },
    "prop-types": {
      "version": "15.7.2",
      "resolved": "https://registry.npmjs.org/prop-types/-/prop-types-15.7.2.tgz",
      "integrity": "sha512-8QQikdH7//R2vurIJSutZ1smHYTcLpRWEOlHnzcWHmBYrOGUysKwSsrC89BCiFj3CbrfJ/nXFdJepOVrY1GCHQ==",
      "optional": true,
      "requires": {
        "loose-envify": "^1.4.0",
        "object-assign": "^4.1.1",
        "react-is": "^16.8.1"
      }
    },
    "pvtsutils": {
      "version": "1.0.10",
      "resolved": "https://registry.npmjs.org/pvtsutils/-/pvtsutils-1.0.10.tgz",
      "integrity": "sha512-8ZKQcxnZKTn+fpDh7wL4yKax5fdl3UJzT8Jv49djZpB/dzPxacyN1Sez90b6YLdOmvIr9vaySJ5gw4aUA1EdSw==",
      "requires": {
        "tslib": "^1.10.0"
      }
    },
    "pvutils": {
      "version": "1.0.17",
      "resolved": "https://registry.npmjs.org/pvutils/-/pvutils-1.0.17.tgz",
      "integrity": "sha512-wLHYUQxWaXVQvKnwIDWFVKDJku9XDCvyhhxoq8dc5MFdIlRenyPI9eSfEtcvgHgD7FlvCyGAlWgOzRnZD99GZQ=="
    },
    "qs": {
      "version": "6.10.3",
      "resolved": "https://registry.npmjs.org/qs/-/qs-6.10.3.tgz",
      "integrity": "sha512-wr7M2E0OFRfIfJZjKGieI8lBKb7fRCH4Fv5KNPEs7gJ8jadvotdsS08PzOKR7opXhZ/Xkjtt3WF9g38drmyRqQ==",
      "requires": {
        "side-channel": "^1.0.4"
      }
    },
    "react-is": {
      "version": "16.13.1",
      "resolved": "https://registry.npmjs.org/react-is/-/react-is-16.13.1.tgz",
      "integrity": "sha512-24e6ynE2H+OKt4kqsOvNd8kBpV65zoxbA4BVsEOB3ARVWQki/DHzaUoC5KuON/BiccDaCCTZBuOcfZs70kR8bQ==",
      "optional": true
    },
    "react-native-securerandom": {
      "version": "0.1.1",
      "resolved": "https://registry.npmjs.org/react-native-securerandom/-/react-native-securerandom-0.1.1.tgz",
      "integrity": "sha1-8TBiOkEsM4sK+t7bwgTFy7i/IHA=",
      "optional": true,
      "requires": {
        "base64-js": "*"
      }
    },
    "side-channel": {
      "version": "1.0.4",
      "resolved": "https://registry.npmjs.org/side-channel/-/side-channel-1.0.4.tgz",
      "integrity": "sha512-q5XPytqFEIKHkGdiMIrY10mvLRvnQh42/+GoBlFW3b2LXLE2xxJpZFdm94we0BaoV3RwJyGqg5wS7epxTv0Zvw==",
      "requires": {
        "call-bind": "^1.0.0",
        "get-intrinsic": "^1.0.2",
        "object-inspect": "^1.9.0"
      }
    },
    "str2buf": {
      "version": "1.3.0",
      "resolved": "https://registry.npmjs.org/str2buf/-/str2buf-1.3.0.tgz",
      "integrity": "sha512-xIBmHIUHYZDP4HyoXGHYNVmxlXLXDrtFHYT0eV6IOdEj3VO9ccaF1Ejl9Oq8iFjITllpT8FhaXb4KsNmw+3EuA=="
    },
    "tslib": {
      "version": "1.13.0",
      "resolved": "https://registry.npmjs.org/tslib/-/tslib-1.13.0.tgz",
      "integrity": "sha512-i/6DQjL8Xf3be4K/E6Wgpekn5Qasl1usyw++dAA35Ue5orEn65VIxOA+YvNNl9HV3qv70T7CNwjODHZrLwvd1Q=="
    },
    "typescript": {
      "version": "4.6.2",
      "resolved": "https://registry.npmjs.org/typescript/-/typescript-4.6.2.tgz",
      "integrity": "sha512-HM/hFigTBHZhLXshn9sN37H085+hQGeJHJ/X7LpBWLID/fbc2acUMfU+lGD98X81sKP+pFa9f0DZmCwB9GnbAg==",
      "dev": true
    },
    "webcrypto-core": {
      "version": "1.1.1",
      "resolved": "https://registry.npmjs.org/webcrypto-core/-/webcrypto-core-1.1.1.tgz",
      "integrity": "sha512-xK61sFRUyZdSAJG7+bJox36+Tnhxw1PaMbmrLLp30HNTJ4mffqsY2jUMlmGq6OOoej3WO/SsH5serzlzBMZ+jg==",
      "requires": {
        "@peculiar/asn1-schema": "^2.0.1",
        "@peculiar/json-schema": "^1.1.10",
        "asn1js": "^2.0.26",
        "pvtsutils": "^1.0.10",
        "tslib": "^1.11.2"
      }
    },
    "webcrypto-shim": {
      "version": "0.1.5",
      "resolved": "https://registry.npmjs.org/webcrypto-shim/-/webcrypto-shim-0.1.5.tgz",
      "integrity": "sha512-mE+E00gulvbLjHaAwl0kph60oOLQRsKyivEFgV9DMM/3Y05F1vZvGq12hAcNzHRnYxyEOABBT/XMtwGSg5xA7A=="
    }
  }
}
